hash: d410849e92cca0ddc44ea027c4fde9895f712ca729ef3c54379be0c63bee7057
updated: 2016-11-13T12:33:01.724388959+01:00
imports:
- name: github.com/gorilla/websocket
  version: e8f0f8aaa98dfb6586cbdf2978d511e3199a960a
- name: github.com/muesli/cache2go
  version: 85b4c0beff6963ea48e14ab79ec8bced31a5efd4
- name: github.com/olahol/melody
  version: d1854c24f007c55b68192df6974311e9a076303d
- name: github.com/pressly/chi
  version: 0c0be26887fc176249c3bbd069cb9f9f3f757ed5
  subpackages:
  - middleware
- name: golang.org/x/net
  version: 0e2717dc3cc05907dc23096ef3a9086ea93f567f
  subpackages:
  - context
testImports: []
